
Microsoft Visual Studio Solution File, Format Version 12.00
# Visual Studio Version 18
VisualStudioVersion = 18.3.11520.95 d18.3
MinimumVisualStudioVersion = 10.0.40219.1
Project("{FAE04EC0-301F-11D3-BF4B-00C04F79EFBC}") = "Day7", "Day7.csproj", "{9AB957F6-3677-708A-E8BE-F9204C499B9F}"
EndProject
Global
	GlobalSection(SolutionConfigurationPlatforms) = preSolution
		Debug|Any CPU = Debug|Any CPU
		Release|Any CPU = Release|Any CPU
	EndGlobalSection
	GlobalSection(ProjectConfigurationPlatforms) = postSolution
		{9AB957F6-3677-708A-E8BE-F9204C499B9F}.Debug|Any CPU.ActiveCfg = Debug|Any CPU
		{9AB957F6-3677-708A-E8BE-F9204C499B9F}.Debug|Any CPU.Build.0 = Debug|Any CPU
		{9AB957F6-3677-708A-E8BE-F9204C499B9F}.Release|Any CPU.ActiveCfg = Release|Any CPU
		{9AB957F6-3677-708A-E8BE-F9204C499B9F}.Release|Any CPU.Build.0 = Release|Any CPU
	EndGlobalSection
	GlobalSection(SolutionProperties) = preSolution
		HideSolutionNode = FALSE
	EndGlobalSection
	GlobalSection(ExtensibilityGlobals) = postSolution
		SolutionGuid = {CA49B0BD-2013-418C-B8F0-7284D1933D9C}
	EndGlobalSection
EndGlobal
